<?xml version="1.0" encoding="utf-8"?>
<Project ToolsVersion="4.0" xmlns="http://schemas.microsoft.com/developer/msbuild/2003">
  <ItemGroup>
    <Filter Include="Source Files">
      <UniqueIdentifier>{4FC737F1-C7A5-4376-A066-2A32D752A2FF}</UniqueIdentifier>
      <Extensions>cpp;c;cc;cxx;def;odl;idl;hpj;bat;asm;asmx</Extensions>
    </Filter>
    <Filter Include="Header Files">
      <UniqueIdentifier>{93995380-89BD-4b04-88EB-625FBE52EBFB}</UniqueIdentifier>
      <Extensions>h;hh;hpp;hxx;hm;inl;inc;xsd</Extensions>
    </Filter>
    <Filter Include="Resource Files">
      <UniqueIdentifier>{67DA6AB6-F800-4c08-8B7A-83BB121AAD01}</UniqueIdentifier>
      <Extensions>rc;ico;cur;bmp;dlg;rc2;rct;bin;rgs;gif;jpg;jpeg;jpe;resx;tiff;tif;png;wav;mfcribbon-ms</Extensions>
    </Filter>
  </ItemGroup>
  <ItemGroup>
    <ClCompile Include="main.cpp">
      <Filter>Source Files</Filter>
    </ClCompile>
    <ClCompile Include="src\lib\string.cpp">
      <Filter>Source Files</Filter>
    </ClCompile>
    <ClCompile Include="src\lib\async.cpp">
      <Filter>Source Files</Filter>
    </ClCompile>
    <ClCompile Include="src\lib\clock.cpp">
      <Filter>Source Files</Filter>
    </ClCompile>
    <ClCompile Include="src\lib\Memory\External.cpp">
      <Filter>Source Files</Filter>
    </ClCompile>
    <ClCompile Include="src\lib\Memory\Internal.cpp">
      <Filter>Source Files</Filter>
    </ClCompile>
    <ClCompile Include="src\lib\Memory\MemoryBase.cpp">
      <Filter>Source Files</Filter>
    </ClCompile>
    <ClCompile Include="src\lib\Memory\Module.cpp">
      <Filter>Source Files</Filter>
    </ClCompile>
    <ClCompile Include="src\lib\Memory\Pattern.cpp">
      <Filter>Source Files</Filter>
    </ClCompile>
    <ClCompile Include="src\lib\FileIO\path.cpp">
      <Filter>Source Files</Filter>
    </ClCompile>
    <ClCompile Include="src\lib\FileIO\token.cpp">
      <Filter>Source Files</Filter>
    </ClCompile>
    <ClCompile Include="src\lib\FileIO\tokenizer.cpp">
      <Filter>Source Files</Filter>
    </ClCompile>
    <ClCompile Include="src\lib\Graphics\Window\Window.cpp">
      <Filter>Source Files</Filter>
    </ClCompile>
    <ClCompile Include="src\lib\Math\Vector2.cpp">
      <Filter>Source Files</Filter>
    </ClCompile>
    <ClCompile Include="src\lib\Math\Region.cpp">
      <Filter>Source Files</Filter>
    </ClCompile>
    <ClCompile Include="src\lib\Application.cpp">
      <Filter>Source Files</Filter>
    </ClCompile>
    <ClCompile Include="src\lib\Graphics\Window\MsgBox.cpp">
      <Filter>Source Files</Filter>
    </ClCompile>
    <ClCompile Include="src\lib\Graphics\Pen.cpp">
      <Filter>Source Files</Filter>
    </ClCompile>
    <ClCompile Include="src\lib\Graphics\Line.cpp">
      <Filter>Source Files</Filter>
    </ClCompile>
    <ClCompile Include="src\lib\Graphics\Painter.cpp">
      <Filter>Source Files</Filter>
    </ClCompile>
  </ItemGroup>
  <ItemGroup>
    <ClInclude Include="src\dx.h">
      <Filter>Header Files</Filter>
    </ClInclude>
    <ClInclude Include="src\lib\string.h">
      <Filter>Header Files</Filter>
    </ClInclude>
    <ClInclude Include="src\lib\lib.h">
      <Filter>Header Files</Filter>
    </ClInclude>
    <ClInclude Include="src\lib\iter.h">
      <Filter>Header Files</Filter>
    </ClInclude>
    <ClInclude Include="src\dx_config.h">
      <Filter>Header Files</Filter>
    </ClInclude>
    <ClInclude Include="src\lib\async.h">
      <Filter>Header Files</Filter>
    </ClInclude>
    <ClInclude Include="src\api">
      <Filter>Header Files</Filter>
    </ClInclude>
    <ClInclude Include="src\lib\clock.h">
      <Filter>Header Files</Filter>
    </ClInclude>
    <ClInclude Include="src\lib\Memory\External.h">
      <Filter>Header Files</Filter>
    </ClInclude>
    <ClInclude Include="src\lib\Memory\Handle.h">
      <Filter>Header Files</Filter>
    </ClInclude>
    <ClInclude Include="src\lib\Memory\Internal.h">
      <Filter>Header Files</Filter>
    </ClInclude>
    <ClInclude Include="src\lib\Memory\MemoryBase.h">
      <Filter>Header Files</Filter>
    </ClInclude>
    <ClInclude Include="src\lib\Memory\Module.h">
      <Filter>Header Files</Filter>
    </ClInclude>
    <ClInclude Include="src\lib\Memory\Pattern.h">
      <Filter>Header Files</Filter>
    </ClInclude>
    <ClInclude Include="src\lib\Memory\Types.h">
      <Filter>Header Files</Filter>
    </ClInclude>
    <ClInclude Include="src\lib\Memory\lib.h">
      <Filter>Header Files</Filter>
    </ClInclude>
    <ClInclude Include="src\lib\event.h">
      <Filter>Header Files</Filter>
    </ClInclude>
    <ClInclude Include="src\lib\FileIO\path.h">
      <Filter>Header Files</Filter>
    </ClInclude>
    <ClInclude Include="src\lib\FileIO\lib.h">
      <Filter>Header Files</Filter>
    </ClInclude>
    <ClInclude Include="src\lib\FileIO\token.h">
      <Filter>Header Files</Filter>
    </ClInclude>
    <ClInclude Include="src\lib\FileIO\tokenizer.h">
      <Filter>Header Files</Filter>
    </ClInclude>
    <ClInclude Include="src\lib\FileIO\buf.h">
      <Filter>Header Files</Filter>
    </ClInclude>
    <ClInclude Include="src\lib\Graphics\Window\Window.h">
      <Filter>Header Files</Filter>
    </ClInclude>
    <ClInclude Include="src\lib\Graphics\lib.h">
      <Filter>Header Files</Filter>
    </ClInclude>
    <ClInclude Include="src\lib\Math\Vector2.h">
      <Filter>Header Files</Filter>
    </ClInclude>
    <ClInclude Include="src\lib\Math\lib.h">
      <Filter>Header Files</Filter>
    </ClInclude>
    <ClInclude Include="src\lib\Math\math.h">
      <Filter>Header Files</Filter>
    </ClInclude>
    <ClInclude Include="src\lib\Math\Region.h">
      <Filter>Header Files</Filter>
    </ClInclude>
    <ClInclude Include="src\lib\Task.h">
      <Filter>Header Files</Filter>
    </ClInclude>
    <ClInclude Include="src\lib\Application.h">
      <Filter>Header Files</Filter>
    </ClInclude>
    <ClInclude Include="src\lib\Graphics\Window\MsgBox.h">
      <Filter>Header Files</Filter>
    </ClInclude>
    <ClInclude Include="src\lib\Graphics\BasePainter.h">
      <Filter>Header Files</Filter>
    </ClInclude>
    <ClInclude Include="src\lib\Graphics\Pen.h">
      <Filter>Header Files</Filter>
    </ClInclude>
    <ClInclude Include="src\lib\Graphics\Line.h">
      <Filter>Header Files</Filter>
    </ClInclude>
    <ClInclude Include="src\lib\Graphics\Painter.h">
      <Filter>Header Files</Filter>
    </ClInclude>
  </ItemGroup>
</Project>